// !$*UTF8*$!
{
	archiveVersion = 1;
	classes = {
	};
	objectVersion = 42;
	objects = {

/* Begin PBXBuildFile section */
		8D15AC2C0486D014006FF6A4 /* Credits.rtf in Resources */ = {isa = PBXBuildFile; fileRef = 2A37F4B9FDCFA73011CA2CEA /* Credits.rtf */; };
		8D15AC2F0486D014006FF6A4 /* InfoPlist.strings in Resources */ = {isa = PBXBuildFile; fileRef = 089C165FFE840EACC02AAC07 /* InfoPlist.strings */; };
		8D15AC310486D014006FF6A4 /* VLDocument.mm in Sources */ = {isa = PBXBuildFile; fileRef = 2A37F4ACFDCFA73011CA2CEA /* VLDocument.mm */; settings = {ATTRIBUTES = (); }; };
		8D15AC320486D014006FF6A4 /* main.m in Sources */ = {isa = PBXBuildFile; fileRef = 2A37F4B0FDCFA73011CA2CEA /* main.m */; settings = {ATTRIBUTES = (); }; };
		8D15AC340486D014006FF6A4 /* Cocoa.framework in Frameworks */ = {isa = PBXBuildFile; fileRef = 1058C7A7FEA54F5311CA2CBB /* Cocoa.framework */; };
		95009B280B0ECF9000EB33A4 /* AUOutputBL.cpp in Sources */ = {isa = PBXBuildFile; fileRef = 95009B220B0ECF9000EB33A4 /* AUOutputBL.cpp */; };
		95009B2A0B0ECF9000EB33A4 /* CAAudioFileFormats.cpp in Sources */ = {isa = PBXBuildFile; fileRef = 95009B240B0ECF9000EB33A4 /* CAAudioFileFormats.cpp */; };
		95009B2C0B0ECF9000EB33A4 /* CAStreamBasicDescription.cpp in Sources */ = {isa = PBXBuildFile; fileRef = 95009B260B0ECF9000EB33A4 /* CAStreamBasicDescription.cpp */; };
		95009B500B0ED0BB00EB33A4 /* CADebugMacros.cpp in Sources */ = {isa = PBXBuildFile; fileRef = 95009B4E0B0ED0BB00EB33A4 /* CADebugMacros.cpp */; };
		95009B7E0B0EDC7400EB33A4 /* AUOutputBL.cpp in Sources */ = {isa = PBXBuildFile; fileRef = 95009B220B0ECF9000EB33A4 /* AUOutputBL.cpp */; };
		95009B7F0B0EDC7900EB33A4 /* CAAudioFileFormats.cpp in Sources */ = {isa = PBXBuildFile; fileRef = 95009B240B0ECF9000EB33A4 /* CAAudioFileFormats.cpp */; };
		95009B800B0EDC7B00EB33A4 /* CADebugMacros.cpp in Sources */ = {isa = PBXBuildFile; fileRef = 95009B4E0B0ED0BB00EB33A4 /* CADebugMacros.cpp */; };
		95009B810B0EDC7D00EB33A4 /* CAStreamBasicDescription.cpp in Sources */ = {isa = PBXBuildFile; fileRef = 95009B260B0ECF9000EB33A4 /* CAStreamBasicDescription.cpp */; };
		95009B830B0EDCD800EB33A4 /* CoreFoundation.framework in Frameworks */ = {isa = PBXBuildFile; fileRef = 95009B820B0EDCD800EB33A4 /* CoreFoundation.framework */; };
		95049CF30BDC32EB0015EE6E /* installLilypond.scpt in Resources */ = {isa = PBXBuildFile; fileRef = 95049CF20BDC32CD0015EE6E /* installLilypond.scpt */; };
		95049D020BDC436A0015EE6E /* installPython.scpt in Resources */ = {isa = PBXBuildFile; fileRef = 95049D010BDC43510015EE6E /* installPython.scpt */; };
		950795E10B4A34D9008911A6 /* stop.tiff in Resources */ = {isa = PBXBuildFile; fileRef = 950795E00B4A34D9008911A6 /* stop.tiff */; };
		9524DAFB0BE569C50002AC03 /* Help in Resources */ = {isa = PBXBuildFile; fileRef = 9524DAF70BE569C50002AC03 /* Help */; };
		9524DB390BE5CA070002AC03 /* Carbon.framework in Frameworks */ = {isa = PBXBuildFile; fileRef = 9524DB380BE5CA070002AC03 /* Carbon.framework */; };
		952CBB9C095FD1CA00434E43 /* VLSoundOut.cpp in Sources */ = {isa = PBXBuildFile; fileRef = 952CBB9A095FD1CA00434E43 /* VLSoundOut.cpp */; };
		952CBB9D095FD1CA00434E43 /* VLSoundOut.cpp in Sources */ = {isa = PBXBuildFile; fileRef = 952CBB9A095FD1CA00434E43 /* VLSoundOut.cpp */; };
		952CBB9F095FD1D900434E43 /* TVLSoundOut.cpp in Sources */ = {isa = PBXBuildFile; fileRef = 952CBB9E095FD1D900434E43 /* TVLSoundOut.cpp */; };
		952CBBB4095FD34F00434E43 /* AudioToolbox.framework in Frameworks */ = {isa = PBXBuildFile; fileRef = 952CBBB2095FD34F00434E43 /* AudioToolbox.framework */; };
		952CBBB5095FD34F00434E43 /* AudioUnit.framework in Frameworks */ = {isa = PBXBuildFile; fileRef = 952CBBB3095FD34F00434E43 /* AudioUnit.framework */; };
		952CBBB6095FD37300434E43 /* VLModel.cpp in Sources */ = {isa = PBXBuildFile; fileRef = 955E58E4095658AB0045FDA5 /* VLModel.cpp */; };
		952DCD78096BBB11001C2316 /* VLSheetViewChords.mm in Sources */ = {isa = PBXBuildFile; fileRef = 952DCD77096BBB11001C2316 /* VLSheetViewChords.mm */; };
		9530A7020BD9E16700635FEC /* display.tiff in Resources */ = {isa = PBXBuildFile; fileRef = 9530A7010BD9E16700635FEC /* display.tiff */; };
		953722670AE9F0E100B6E483 /* VLLilypondDocument.mm in Sources */ = {isa = PBXBuildFile; fileRef = 953722660AE9F0E100B6E483 /* VLLilypondDocument.mm */; };
		9545C5C30C092F4600251547 /* VLMMAWriter.cpp in Sources */ = {isa = PBXBuildFile; fileRef = 9545C5C10C092F4600251547 /* VLMMAWriter.cpp */; };
		95498DBD0AE3812F006B5F81 /* VLSoundSched.mm in Sources */ = {isa = PBXBuildFile; fileRef = 95498DBC0AE3812F006B5F81 /* VLSoundSched.mm */; };
		954BBD860AEDDE5300BBFD5F /* VLAppController.mm in Sources */ = {isa = PBXBuildFile; fileRef = 954BBD850AEDDE5300BBFD5F /* VLAppController.mm */; };
		954BBD9A0AEDE81500BBFD5F /* VLPitchTransformer.mm in Sources */ = {isa = PBXBuildFile; fileRef = 954BBD990AEDE81500BBFD5F /* VLPitchTransformer.mm */; };
		954DD4E60B44E67F0056C504 /* VLSheetViewSelection.mm in Sources */ = {isa = PBXBuildFile; fileRef = 954DD4E50B44E67F0056C504 /* VLSheetViewSelection.mm */; };
		954F20310BFABD96006CAE0E /* VLMirrorWindow.nib in Resources */ = {isa = PBXBuildFile; fileRef = 954F20300BFABD96006CAE0E /* VLMirrorWindow.nib */; };
		955CBA4F0B2366DD001CF4A1 /* VLKeyValueUndo.mm in Sources */ = {isa = PBXBuildFile; fileRef = 955CBA4D0B2366DD001CF4A1 /* VLKeyValueUndo.mm */; };
		955DA2960C0551EC008F73B8 /* VLLilypondWriter.cpp in Sources */ = {isa = PBXBuildFile; fileRef = 955DA2940C0551EC008F73B8 /* VLLilypondWriter.cpp */; };
		955E58E5095658AB0045FDA5 /* VLModel.cpp in Sources */ = {isa = PBXBuildFile; fileRef = 955E58E4095658AB0045FDA5 /* VLModel.cpp */; };
		955E59610957C1400045FDA5 /* TVLChord.cpp in Sources */ = {isa = PBXBuildFile; fileRef = 955E59600957C1400045FDA5 /* TVLChord.cpp */; };
		955E59640957C15A0045FDA5 /* VLModel.cpp in Sources */ = {isa = PBXBuildFile; fileRef = 955E58E4095658AB0045FDA5 /* VLModel.cpp */; };
		95784D870BFAD795009ABEA4 /* VLMirrorWindow.mm in Sources */ = {isa = PBXBuildFile; fileRef = 95784D860BFAD795009ABEA4 /* VLMirrorWindow.mm */; };
		95932B91096527700008B0DB /* AudioUnit.framework in Frameworks */ = {isa = PBXBuildFile; fileRef = 952CBBB3095FD34F00434E43 /* AudioUnit.framework */; };
		95932B92096527710008B0DB /* AudioToolbox.framework in Frameworks */ = {isa = PBXBuildFile; fileRef = 952CBBB2095FD34F00434E43 /* AudioToolbox.framework */; };
		9593E4E80AE0ED1F00035816 /* vlsong.icns in Resources */ = {isa = PBXBuildFile; fileRef = 9593E4E60AE0ED1F00035816 /* vlsong.icns */; };
		9593E4E90AE0ED1F00035816 /* vlapp.icns in Resources */ = {isa = PBXBuildFile; fileRef = 9593E4E70AE0ED1F00035816 /* vlapp.icns */; };
		959408AD096922EA007CCCF8 /* TVLEdit.cpp in Sources */ = {isa = PBXBuildFile; fileRef = 959408AC096922EA007CCCF8 /* TVLEdit.cpp */; };
		959408AE096922F7007CCCF8 /* VLModel.cpp in Sources */ = {isa = PBXBuildFile; fileRef = 955E58E4095658AB0045FDA5 /* VLModel.cpp */; };
		959420EB0B44E769006BC62C /* MainMenu.nib in Resources */ = {isa = PBXBuildFile; fileRef = 954DD4DA0B44E6000056C504 /* MainMenu.nib */; };
		959420EC0B44E77A006BC62C /* VLDocument.nib in Resources */ = {isa = PBXBuildFile; fileRef = 954DD4DF0B44E61E0056C504 /* VLDocument.nib */; };
		9599ED960B73185800A6A2F7 /* VLGroove.nib in Resources */ = {isa = PBXBuildFile; fileRef = 9599ED940B73185800A6A2F7 /* VLGroove.nib */; };
		9599ED9C0B731CC500A6A2F7 /* VLGrooveController.h in Copy MMA Library */ = {isa = PBXBuildFile; fileRef = 9599ED9A0B731CC500A6A2F7 /* VLGrooveController.h */; };
		9599ED9D0B731CC500A6A2F7 /* VLGrooveController.mm in Sources */ = {isa = PBXBuildFile; fileRef = 9599ED9B0B731CC500A6A2F7 /* VLGrooveController.mm */; };
		95A1C37C0AF1D4370076597D /* Quartz.framework in Frameworks */ = {isa = PBXBuildFile; fileRef = 95A1C37B0AF1D4370076597D /* Quartz.framework */; };
		95A1C3860AF2ACE20076597D /* VLSheetWindow.mm in Sources */ = {isa = PBXBuildFile; fileRef = 95A1C3850AF2ACE20076597D /* VLSheetWindow.mm */; };
		95A55C540BD5E5770068A203 /* VLPDFDocument.mm in Sources */ = {isa = PBXBuildFile; fileRef = 95A55C530BD5E5770068A203 /* VLPDFDocument.mm */; };
		95B3E1A70960E58B000E9C0D /* Music in Resources */ = {isa = PBXBuildFile; fileRef = 95B3E1980960E58B000E9C0D /* Music */; };
		95B66658096BCA1F00FE18C9 /* VLSheetViewNotes.mm in Sources */ = {isa = PBXBuildFile; fileRef = 95B66657096BCA1F00FE18C9 /* VLSheetViewNotes.mm */; };
		95BDA15909540BF1009F9D65 /* VLSheetView.mm in Sources */ = {isa = PBXBuildFile; fileRef = 95BDA15809540BF1009F9D65 /* VLSheetView.mm */; };
		95C461C40B043E8900649F92 /* includes in Copy MMA Library */ = {isa = PBXBuildFile; fileRef = 95C461660B043E4D00649F92 /* includes */; };
		95C461C50B043E8900649F92 /* lib in Copy MMA Library */ = {isa = PBXBuildFile; fileRef = 95C4616E0B043E4D00649F92 /* lib */; };
		95C461D80B0440A300649F92 /* mma.py in Copy Tools */ = {isa = PBXBuildFile; fileRef = 95C461D50B04406300649F92 /* mma.py */; };
		95C461FE0B04432700649F92 /* MMA in Copy MMA Library */ = {isa = PBXBuildFile; fileRef = 95C461DD0B04430F00649F92 /* MMA */; };
		95C462000B04472E00649F92 /* mmaWrapper in Copy Tools */ = {isa = PBXBuildFile; fileRef = 95C461FF0B04472900649F92 /* mmaWrapper */; };
		95C462830B045CB700649F92 /* lilyWrapper in Copy Tools */ = {isa = PBXBuildFile; fileRef = 95C4627A0B045C8E00649F92 /* lilyWrapper */; };
		95D0C2FC0B785D020061080E /* rebuildGrooves in Copy Tools */ = {isa = PBXBuildFile; fileRef = 95D0C2FB0B785D020061080E /* rebuildGrooves */; };
		95E04DA70AEB486E006F30A0 /* TVLLilypond.mm in Sources */ = {isa = PBXBuildFile; fileRef = 95E04DA60AEB486E006F30A0 /* TVLLilypond.mm */; };
		95E04DA80AEB4878006F30A0 /* VLDocument.mm in Sources */ = {isa = PBXBuildFile; fileRef = 2A37F4ACFDCFA73011CA2CEA /* VLDocument.mm */; };
		95E04DA90AEB487A006F30A0 /* VLLilypondDocument.mm in Sources */ = {isa = PBXBuildFile; fileRef = 953722660AE9F0E100B6E483 /* VLLilypondDocument.mm */; };
		95E04DAA0AEB487E006F30A0 /* VLModel.cpp in Sources */ = {isa = PBXBuildFile; fileRef = 955E58E4095658AB0045FDA5 /* VLModel.cpp */; };
		95E04DAB0AEB4886006F30A0 /* VLXMLDocument.mm in Sources */ = {isa = PBXBuildFile; fileRef = 95F5F50E0ADCC433003980B2 /* VLXMLDocument.mm */; };
		95E04DC70AEB4B57006F30A0 /* Cocoa.framework in Frameworks */ = {isa = PBXBuildFile; fileRef = 1058C7A7FEA54F5311CA2CBB /* Cocoa.framework */; };
		95E04DCE0AEB4D9B006F30A0 /* Templates in Resources */ = {isa = PBXBuildFile; fileRef = 95E04DCA0AEB4D9B006F30A0 /* Templates */; };
		95E299C00B2006F5001977D2 /* VLSheetViewLyrics.mm in Sources */ = {isa = PBXBuildFile; fileRef = 95E299BE0B2006F5001977D2 /* VLSheetViewLyrics.mm */; };
		95EDA5AB0B06DE47004D8D6E /* VLMIDIDocument.mm in Sources */ = {isa = PBXBuildFile; fileRef = 95EDA5A90B06DE46004D8D6E /* VLMIDIDocument.mm */; };
		95F5F50F0ADCC433003980B2 /* VLXMLDocument.mm in Sources */ = {isa = PBXBuildFile; fileRef = 95F5F50E0ADCC433003980B2 /* VLXMLDocument.mm */; };
		95F820AB0AF884A30010963D /* VLMMADocument.mm in Sources */ = {isa = PBXBuildFile; fileRef = 95F820AA0AF884A30010963D /* VLMMADocument.mm */; };
		95FC668F0AF0A08C003D9C11 /* VLLogWindow.mm in Sources */ = {isa = PBXBuildFile; fileRef = 95FC668E0AF0A08C003D9C11 /* VLLogWindow.mm */; };
		95FC66960AF0A112003D9C11 /* VLLogWindow.nib in Resources */ = {isa = PBXBuildFile; fileRef = 95FC66950AF0A112003D9C11 /* VLLogWindow.nib */; };
		95FC66A60AF0A24C003D9C11 /* VLPDFWindow.mm in Sources */ = {isa = PBXBuildFile; fileRef = 95FC66A50AF0A24C003D9C11 /* VLPDFWindow.mm */; };
		95FC66BA0AF0A3AD003D9C11 /* VLPDFWindow.nib in Resources */ = {isa = PBXBuildFile; fileRef = 95FC66B90AF0A3AD003D9C11 /* VLPDFWindow.nib */; };
		95FC66C30AF0A4D4003D9C11 /* console.icns in Resources */ = {isa = PBXBuildFile; fileRef = 95FC66BC0AF0A4D4003D9C11 /* console.icns */; };
		95FC66C40AF0A4D4003D9C11 /* music.tiff in Resources */ = {isa = PBXBuildFile; fileRef = 95FC66BD0AF0A4D4003D9C11 /* music.tiff */; };
		95FC66C50AF0A4D5003D9C11 /* nextpage.tiff in Resources */ = {isa = PBXBuildFile; fileRef = 95FC66BE0AF0A4D4003D9C11 /* nextpage.tiff */; };
		95FC66C60AF0A4D5003D9C11 /* prevpage.tiff in Resources */ = {isa = PBXBuildFile; fileRef = 95FC66BF0AF0A4D4003D9C11 /* prevpage.tiff */; };
		95FC66C70AF0A4D5003D9C11 /* run.icns in Resources */ = {isa = PBXBuildFile; fileRef = 95FC66C00AF0A4D4003D9C11 /* run.icns */; };
		95FC66C80AF0A4D5003D9C11 /* zoomin.tiff in Resources */ = {isa = PBXBuildFile; fileRef = 95FC66C10AF0A4D4003D9C11 /* zoomin.tiff */; };
		95FC66C90AF0A4D5003D9C11 /* zoomout.tiff in Resources */ = {isa = PBXBuildFile; fileRef = 95FC66C20AF0A4D4003D9C11 /* zoomout.tiff */; };
		95FC66CE0AF0A591003D9C11 /* VLPDFView.mm in Sources */ = {isa = PBXBuildFile; fileRef = 95FC66CC0AF0A591003D9C11 /* VLPDFView.mm */; };
/* End PBXBuildFile section */

/* Begin PBXCopyFilesBuildPhase section */
		95C461630B043DCA00649F92 /* Copy MMA Library */ = {
			isa = PBXCopyFilesBuildPhase;
			buildActionMask = 12;
			dstPath = share/mma;
			dstSubfolderSpec = 7;
			files = (
				95C461FE0B04432700649F92 /* MMA in Copy MMA Library */,
				95C461C40B043E8900649F92 /* includes in Copy MMA Library */,
				95C461C50B043E8900649F92 /* lib in Copy MMA Library */,
				9599ED9C0B731CC500A6A2F7 /* VLGrooveController.h in Copy MMA Library */,
			);
			name = "Copy MMA Library";
			runOnlyForDeploymentPostprocessing = 0;
		};
		95C461D70B04409F00649F92 /* Copy Tools */ = {
			isa = PBXCopyFilesBuildPhase;
			buildActionMask = 2147483647;
			dstPath = bin;
			dstSubfolderSpec = 7;
			files = (
				95D0C2FC0B785D020061080E /* rebuildGrooves in Copy Tools */,
				95C462830B045CB700649F92 /* lilyWrapper in Copy Tools */,
				95C462000B04472E00649F92 /* mmaWrapper in Copy Tools */,
				95C461D80B0440A300649F92 /* mma.py in Copy Tools */,
			);
			name = "Copy Tools";
			runOnlyForDeploymentPostprocessing = 0;
		};
/* End PBXCopyFilesBuildPhase section */

/* Begin PBXFileReference section */
		089C1660FE840EACC02AAC07 /* English */ = {isa = PBXFileReference; fileEncoding = 10; lastKnownFileType = text.plist.strings; name = English; path = English.lproj/InfoPlist.strings; sourceTree = "<group>"; };
		1058C7A7FEA54F5311CA2CBB /* Cocoa.framework */ = {isa = PBXFileReference; lastKnownFileType = wrapper.framework; name = Cocoa.framework; path = /System/Library/Frameworks/Cocoa.framework; sourceTree = "<absolute>"; };
		13E42FBA07B3F13500E4EEF1 /* CoreData.framework */ = {isa = PBXFileReference; lastKnownFileType = wrapper.framework; name = CoreData.framework; path = /System/Library/Frameworks/CoreData.framework; sourceTree = "<absolute>"; };
		2A37F4ACFDCFA73011CA2CEA /* VLDocument.mm */ = {isa = PBXFileReference; fileEncoding = 4; lastKnownFileType = sourcecode.cpp.objcpp; name = VLDocument.mm; path = Sources/VLDocument.mm; sourceTree = "<group>"; };
		2A37F4AEFDCFA73011CA2CEA /* VLDocument.h */ = {isa = PBXFileReference; fileEncoding = 4; lastKnownFileType = sourcecode.c.h; name = VLDocument.h; path = Sources/VLDocument.h; sourceTree = "<group>"; };
		2A37F4B0FDCFA73011CA2CEA /* main.m */ = {isa = PBXFileReference; fileEncoding = 4; lastKnownFileType = sourcecode.c.objc; name = main.m; path = Sources/main.m; sourceTree = "<group>"; };
		2A37F4BAFDCFA73011CA2CEA /* English */ = {isa = PBXFileReference; lastKnownFileType = text.rtf; name = English; path = English.lproj/Credits.rtf; sourceTree = "<group>"; };
		2A37F4C4FDCFA73011CA2CEA /* AppKit.framework */ = {isa = PBXFileReference; lastKnownFileType = wrapper.framework; name = AppKit.framework; path = /System/Library/Frameworks/AppKit.framework; sourceTree = "<absolute>"; };
		2A37F4C5FDCFA73011CA2CEA /* Foundation.framework */ = {isa = PBXFileReference; lastKnownFileType = wrapper.framework; name = Foundation.framework; path = /System/Library/Frameworks/Foundation.framework; sourceTree = "<absolute>"; };
		32DBCF750370BD2300C91783 /* Vocalese_Prefix.pch */ = {isa = PBXFileReference; fileEncoding = 4; lastKnownFileType = sourcecode.c.h; name = Vocalese_Prefix.pch; path = Sources/Vocalese_Prefix.pch; sourceTree = "<group>"; };
		8D15AC360486D014006FF6A4 /* Info.plist */ = {isa = PBXFileReference; fileEncoding = 4; lastKnownFileType = text.xml; name = Info.plist; path = Resources/Info.plist; sourceTree = "<group>"; };
		8D15AC370486D014006FF6A4 /* VocalEasel.app */ = {isa = PBXFileReference; explicitFileType = wrapper.application; includeInIndex = 0; path = VocalEasel.app; sourceTree = BUILT_PRODUCTS_DIR; };
		95009B220B0ECF9000EB33A4 /* AUOutputBL.cpp */ = {isa = PBXFileReference; fileEncoding = 30; lastKnownFileType = sourcecode.cpp.cpp; name = AUOutputBL.cpp; path = Sources/CoreAudioSDK/AUOutputBL.cpp; sourceTree = "<group>"; };
		95009B230B0ECF9000EB33A4 /* AUOutputBL.h */ = {isa = PBXFileReference; fileEncoding = 30; lastKnownFileType = sourcecode.c.h; name = AUOutputBL.h; path = Sources/CoreAudioSDK/AUOutputBL.h; sourceTree = "<group>"; };
		95009B240B0ECF9000EB33A4 /* CAAudioFileFormats.cpp */ = {isa = PBXFileReference; fileEncoding = 30; lastKnownFileType = sourcecode.cpp.cpp; name = CAAudioFileFormats.cpp; path = Sources/CoreAudioSDK/CAAudioFileFormats.cpp; sourceTree = "<group>"; };
		95009B250B0ECF9000EB33A4 /* CAAudioFileFormats.h */ = {isa = PBXFileReference; fileEncoding = 30; lastKnownFileType = sourcecode.c.h; name = CAAudioFileFormats.h; path = Sources/CoreAudioSDK/CAAudioFileFormats.h; sourceTree = "<group>"; };
		95009B260B0ECF9000EB33A4 /* CAStreamBasicDescription.cpp */ = {isa = PBXFileReference; fileEncoding = 30; lastKnownFileType = sourcecode.cpp.cpp; name = CAStreamBasicDescription.cpp; path = Sources/CoreAudioSDK/CAStreamBasicDescription.cpp; sourceTree = "<group>"; };
		95009B270B0ECF9000EB33A4 /* CAStreamBasicDescription.h */ = {isa = PBXFileReference; fileEncoding = 30; lastKnownFileType = sourcecode.c.h; name = CAStreamBasicDescription.h; path = Sources/CoreAudioSDK/CAStreamBasicDescription.h; sourceTree = "<group>"; };
		95009B4E0B0ED0BB00EB33A4 /* CADebugMacros.cpp */ = {isa = PBXFileReference; fileEncoding = 30; lastKnownFileType = sourcecode.cpp.cpp; name = CADebugMacros.cpp; path = Sources/CoreAudioSDK/CADebugMacros.cpp; sourceTree = "<group>"; };
		95009B4F0B0ED0BB00EB33A4 /* CADebugMacros.h */ = {isa = PBXFileReference; fileEncoding = 30; lastKnownFileType = sourcecode.c.h; name = CADebugMacros.h; path = Sources/CoreAudioSDK/CADebugMacros.h; sourceTree = "<group>"; };
		95009B620B0ED18700EB33A4 /* CAConditionalMacros.h */ = {isa = PBXFileReference; fileEncoding = 30; lastKnownFileType = sourcecode.c.h; name = CAConditionalMacros.h; path = Sources/CoreAudioSDK/CAConditionalMacros.h; sourceTree = "<group>"; };
		95009B630B0ED18700EB33A4 /* CAMath.h */ = {isa = PBXFileReference; fileEncoding = 30; lastKnownFileType = sourcecode.c.h; name = CAMath.h; path = Sources/CoreAudioSDK/CAMath.h; sourceTree = "<group>"; };
		95009B820B0EDCD800EB33A4 /* CoreFoundation.framework */ = {isa = PBXFileReference; lastKnownFileType = wrapper.framework; name = CoreFoundation.framework; path = /System/Library/Frameworks/CoreFoundation.framework; sourceTree = "<absolute>"; };
		95049CF20BDC32CD0015EE6E /* installLilypond.scpt */ = {isa = PBXFileReference; fileEncoding = 30; lastKnownFileType = sourcecode.scpt; name = installLilypond.scpt; path = Resources/installLilypond.scpt; sourceTree = "<group>"; };
		95049D010BDC43510015EE6E /* installPython.scpt */ = {isa = PBXFileReference; fileEncoding = 30; lastKnownFileType = sourcecode.scpt; name = installPython.scpt; path = Resources/installPython.scpt; sourceTree = "<group>"; };
		950795E00B4A34D9008911A6 /* stop.tiff */ = {isa = PBXFileReference; lastKnownFileType = image.tiff; name = stop.tiff; path = Resources/stop.tiff; sourceTree = "<group>"; };
		9524DAF70BE569C50002AC03 /* Help */ = {isa = PBXFileReference; lastKnownFileType = folder; name = Help; path = Resources/Help; sourceTree = "<group>"; };
		9524DB380BE5CA070002AC03 /* Carbon.framework */ = {isa = PBXFileReference; lastKnownFileType = wrapper.framework; name = Carbon.framework; path = /System/Library/Frameworks/Carbon.framework; sourceTree = "<absolute>"; };
		952CBB98095FD19D00434E43 /* TVLSoundOut */ = {isa = PBXFileReference; explicitFileType = "compiled.mach-o.executable"; includeInIndex = 0; path = TVLSoundOut; sourceTree = BUILT_PRODUCTS_DIR; };
		952CBB9A095FD1CA00434E43 /* VLSoundOut.cpp */ = {isa = PBXFileReference; fileEncoding = 30; lastKnownFileType = sourcecode.cpp.cpp; name = VLSoundOut.cpp; path = Sources/VLSoundOut.cpp; sourceTree = "<group>"; };
		952CBB9B095FD1CA00434E43 /* VLSoundOut.h */ = {isa = PBXFileReference; fileEncoding = 30; lastKnownFileType = sourcecode.c.h; name = VLSoundOut.h; path = Sources/VLSoundOut.h; sourceTree = "<group>"; };
		952CBB9E095FD1D900434E43 /* TVLSoundOut.cpp */ = {isa = PBXFileReference; fileEncoding = 30; lastKnownFileType = sourcecode.cpp.cpp; name = TVLSoundOut.cpp; path = Tests/TVLSoundOut.cpp; sourceTree = "<group>"; };
		952CBBB2095FD34F00434E43 /* AudioToolbox.framework */ = {isa = PBXFileReference; lastKnownFileType = wrapper.framework; name = AudioToolbox.framework; path = /System/Library/Frameworks/AudioToolbox.framework; sourceTree = "<absolute>"; };
		952CBBB3095FD34F00434E43 /* AudioUnit.framework */ = {isa = PBXFileReference; lastKnownFileType = wrapper.framework; name = AudioUnit.framework; path = /System/Library/Frameworks/AudioUnit.framework; sourceTree = "<absolute>"; };
		952DCD76096BBB11001C2316 /* VLSheetViewChords.h */ = {isa = PBXFileReference; fileEncoding = 4; lastKnownFileType = sourcecode.c.h; name = VLSheetViewChords.h; path = Sources/VLSheetViewChords.h; sourceTree = "<group>"; };
		952DCD77096BBB11001C2316 /* VLSheetViewChords.mm */ = {isa = PBXFileReference; fileEncoding = 4; lastKnownFileType = sourcecode.cpp.objcpp; name = VLSheetViewChords.mm; path = Sources/VLSheetViewChords.mm; sourceTree = "<group>"; };
		9530A7010BD9E16700635FEC /* display.tiff */ = {isa = PBXFileReference; lastKnownFileType = image.tiff; name = display.tiff; path = Resources/display.tiff; sourceTree = "<group>"; };
		953722650AE9F0E100B6E483 /* VLLilypondDocument.h */ = {isa = PBXFileReference; fileEncoding = 4; lastKnownFileType = sourcecode.c.h; name = VLLilypondDocument.h; path = Sources/VLLilypondDocument.h; sourceTree = "<group>"; };
		953722660AE9F0E100B6E483 /* VLLilypondDocument.mm */ = {isa = PBXFileReference; fileEncoding = 4; lastKnownFileType = sourcecode.cpp.objcpp; name = VLLilypondDocument.mm; path = Sources/VLLilypondDocument.mm; sourceTree = "<group>"; };
		9545C5C10C092F4600251547 /* VLMMAWriter.cpp */ = {isa = PBXFileReference; fileEncoding = 30; lastKnownFileType = sourcecode.cpp.cpp; name = VLMMAWriter.cpp; path = Sources/VLMMAWriter.cpp; sourceTree = "<group>"; };
		9545C5C20C092F4600251547 /* VLMMAWriter.h */ = {isa = PBXFileReference; fileEncoding = 30; lastKnownFileType = sourcecode.c.h; name = VLMMAWriter.h; path = Sources/VLMMAWriter.h; sourceTree = "<group>"; };
		95498DBB0AE3812F006B5F81 /* VLSoundSched.h */ = {isa = PBXFileReference; fileEncoding = 30; lastKnownFileType = sourcecode.c.h; name = VLSoundSched.h; path = Sources/VLSoundSched.h; sourceTree = "<group>"; };
		95498DBC0AE3812F006B5F81 /* VLSoundSched.mm */ = {isa = PBXFileReference; fileEncoding = 30; lastKnownFileType = sourcecode.cpp.objcpp; name = VLSoundSched.mm; path = Sources/VLSoundSched.mm; sourceTree = "<group>"; };
		954BBD840AEDDE5300BBFD5F /* VLAppController.h */ = {isa = PBXFileReference; fileEncoding = 4; lastKnownFileType = sourcecode.c.h; name = VLAppController.h; path = Sources/VLAppController.h; sourceTree = "<group>"; };
		954BBD850AEDDE5300BBFD5F /* VLAppController.mm */ = {isa = PBXFileReference; fileEncoding = 4; lastKnownFileType = sourcecode.cpp.objcpp; name = VLAppController.mm; path = Sources/VLAppController.mm; sourceTree = "<group>"; };
		954BBD980AEDE81500BBFD5F /* VLPitchTransformer.h */ = {isa = PBXFileReference; fileEncoding = 4; lastKnownFileType = sourcecode.c.h; name = VLPitchTransformer.h; path = Sources/VLPitchTransformer.h; sourceTree = "<group>"; };
		954BBD990AEDE81500BBFD5F /* VLPitchTransformer.mm */ = {isa = PBXFileReference; fileEncoding = 4; lastKnownFileType = sourcecode.cpp.objcpp; name = VLPitchTransformer.mm; path = Sources/VLPitchTransformer.mm; sourceTree = "<group>"; };
		954DD4B70B444B220056C504 /* VLSheetViewSelection.h */ = {isa = PBXFileReference; fileEncoding = 4; lastKnownFileType = sourcecode.c.h; name = VLSheetViewSelection.h; path = Sources/VLSheetViewSelection.h; sourceTree = "<group>"; };
		954DD4DA0B44E6000056C504 /* MainMenu.nib */ = {isa = PBXFileReference; lastKnownFileType = wrapper.nib; name = MainMenu.nib; path = English.lproj/MainMenu.nib; sourceTree = "<group>"; };
		954DD4DF0B44E61E0056C504 /* VLDocument.nib */ = {isa = PBXFileReference; lastKnownFileType = wrapper.nib; name = VLDocument.nib; path = English.lproj/VLDocument.nib; sourceTree = "<group>"; };
		954DD4E50B44E67F0056C504 /* VLSheetViewSelection.mm */ = {isa = PBXFileReference; fileEncoding = 30; lastKnownFileType = sourcecode.cpp.objcpp; name = VLSheetViewSelection.mm; path = Sources/VLSheetViewSelection.mm; sourceTree = "<group>"; };
		954F20300BFABD96006CAE0E /* VLMirrorWindow.nib */ = {isa = PBXFileReference; lastKnownFileType = wrapper.nib; name = VLMirrorWindow.nib; path = English.lproj/VLMirrorWindow.nib; sourceTree = "<group>"; };
		955CBA4C0B2366DD001CF4A1 /* VLKeyValueUndo.h */ = {isa = PBXFileReference; fileEncoding = 4; lastKnownFileType = sourcecode.c.h; name = VLKeyValueUndo.h; path = Sources/VLKeyValueUndo.h; sourceTree = "<group>"; };
		955CBA4D0B2366DD001CF4A1 /* VLKeyValueUndo.mm */ = {isa = PBXFileReference; fileEncoding = 4; lastKnownFileType = sourcecode.cpp.objcpp; name = VLKeyValueUndo.mm; path = Sources/VLKeyValueUndo.mm; sourceTree = "<group>"; };
		955DA2940C0551EC008F73B8 /* VLLilypondWriter.cpp */ = {isa = PBXFileReference; fileEncoding = 30; lastKnownFileType = sourcecode.cpp.cpp; name = VLLilypondWriter.cpp; path = Sources/VLLilypondWriter.cpp; sourceTree = "<group>"; };
		955DA2950C0551EC008F73B8 /* VLLilypondWriter.h */ = {isa = PBXFileReference; fileEncoding = 30; lastKnownFileType = sourcecode.c.h; name = VLLilypondWriter.h; path = Sources/VLLilypondWriter.h; sourceTree = "<group>"; };
		955E58E3095658AB0045FDA5 /* VLModel.h */ = {isa = PBXFileReference; fileEncoding = 4; lastKnownFileType = sourcecode.c.h; name = VLModel.h; path = Sources/VLModel.h; sourceTree = "<group>"; };
		955E58E4095658AB0045FDA5 /* VLModel.cpp */ = {isa = PBXFileReference; fileEncoding = 4; lastKnownFileType = sourcecode.cpp.cpp; name = VLModel.cpp; path = Sources/VLModel.cpp; sourceTree = "<group>"; };
		955E595C0957C0FC0045FDA5 /* TVLChord */ = {isa = PBXFileReference; explicitFileType = "compiled.mach-o.executable"; includeInIndex = 0; path = TVLChord; sourceTree = BUILT_PRODUCTS_DIR; };
		955E59600957C1400045FDA5 /* TVLChord.cpp */ = {isa = PBXFileReference; fileEncoding = 4; lastKnownFileType = sourcecode.cpp.cpp; name = TVLChord.cpp; path = Tests/TVLChord.cpp; sourceTree = "<group>"; };
		95784D850BFAD795009ABEA4 /* VLMirrorWindow.h */ = {isa = PBXFileReference; fileEncoding = 4; lastKnownFileType = sourcecode.c.h; name = VLMirrorWindow.h; path = Sources/VLMirrorWindow.h; sourceTree = "<group>"; };
		95784D860BFAD795009ABEA4 /* VLMirrorWindow.mm */ = {isa = PBXFileReference; fileEncoding = 4; lastKnownFileType = sourcecode.cpp.objcpp; name = VLMirrorWindow.mm; path = Sources/VLMirrorWindow.mm; sourceTree = "<group>"; };
		9593E4E60AE0ED1F00035816 /* vlsong.icns */ = {isa = PBXFileReference; lastKnownFileType = image.icns; name = vlsong.icns; path = Resources/vlsong.icns; sourceTree = "<group>"; };
		9593E4E70AE0ED1F00035816 /* vlapp.icns */ = {isa = PBXFileReference; lastKnownFileType = image.icns; name = vlapp.icns; path = Resources/vlapp.icns; sourceTree = "<group>"; };
		959408A0096922CA007CCCF8 /* TVLEdit */ = {isa = PBXFileReference; explicitFileType = "compiled.mach-o.executable"; includeInIndex = 0; path = TVLEdit; sourceTree = BUILT_PRODUCTS_DIR; };
		959408AC096922EA007CCCF8 /* TVLEdit.cpp */ = {isa = PBXFileReference; fileEncoding = 30; lastKnownFileType = sourcecode.cpp.cpp; name = TVLEdit.cpp; path = Tests/TVLEdit.cpp; sourceTree = "<group>"; };
		9599ED950B73185800A6A2F7 /* English */ = {isa = PBXFileReference; lastKnownFileType = wrapper.nib; name = English; path = English.lproj/VLGroove.nib; sourceTree = "<group>"; };
		9599ED9A0B731CC500A6A2F7 /* VLGrooveController.h */ = {isa = PBXFileReference; fileEncoding = 4; lastKnownFileType = sourcecode.c.h; name = VLGrooveController.h; path = Sources/VLGrooveController.h; sourceTree = "<group>"; };
		9599ED9B0B731CC500A6A2F7 /* VLGrooveController.mm */ = {isa = PBXFileReference; fileEncoding = 4; lastKnownFileType = sourcecode.cpp.objcpp; name = VLGrooveController.mm; path = Sources/VLGrooveController.mm; sourceTree = "<group>"; };
		95A1C37B0AF1D4370076597D /* Quartz.framework */ = {isa = PBXFileReference; lastKnownFileType = wrapper.framework; name = Quartz.framework; path = /System/Library/Frameworks/Quartz.framework; sourceTree = "<absolute>"; };
		95A1C3840AF2ACE20076597D /* VLSheetWindow.h */ = {isa = PBXFileReference; fileEncoding = 30; lastKnownFileType = sourcecode.c.h; name = VLSheetWindow.h; path = Sources/VLSheetWindow.h; sourceTree = "<group>"; };
		95A1C3850AF2ACE20076597D /* VLSheetWindow.mm */ = {isa = PBXFileReference; fileEncoding = 30; lastKnownFileType = sourcecode.cpp.objcpp; name = VLSheetWindow.mm; path = Sources/VLSheetWindow.mm; sourceTree = "<group>"; };
		95A55C520BD5E5760068A203 /* VLPDFDocument.h */ = {isa = PBXFileReference; fileEncoding = 30; lastKnownFileType = sourcecode.c.h; name = VLPDFDocument.h; path = Sources/VLPDFDocument.h; sourceTree = "<group>"; };
		95A55C530BD5E5770068A203 /* VLPDFDocument.mm */ = {isa = PBXFileReference; fileEncoding = 30; lastKnownFileType = sourcecode.cpp.objcpp; name = VLPDFDocument.mm; path = Sources/VLPDFDocument.mm; sourceTree = "<group>"; };
		95B3E1980960E58B000E9C0D /* Music */ = {isa = PBXFileReference; lastKnownFileType = folder; name = Music; path = Resources/Music; sourceTree = "<group>"; };
		95B66653096BC6A100FE18C9 /* VLSheetViewInternal.h */ = {isa = PBXFileReference; fileEncoding = 30; lastKnownFileType = sourcecode.c.h; name = VLSheetViewInternal.h; path = Sources/VLSheetViewInternal.h; sourceTree = "<group>"; };
		95B66656096BCA1F00FE18C9 /* VLSheetViewNotes.h */ = {isa = PBXFileReference; fileEncoding = 4; lastKnownFileType = sourcecode.c.h; name = VLSheetViewNotes.h; path = Sources/VLSheetViewNotes.h; sourceTree = "<group>"; };
		95B66657096BCA1F00FE18C9 /* VLSheetViewNotes.mm */ = {isa = PBXFileReference; fileEncoding = 4; lastKnownFileType = sourcecode.cpp.objcpp; name = VLSheetViewNotes.mm; path = Sources/VLSheetViewNotes.mm; sourceTree = "<group>"; };
		95BDA15709540BF1009F9D65 /* VLSheetView.h */ = {isa = PBXFileReference; fileEncoding = 4; lastKnownFileType = sourcecode.c.h; name = VLSheetView.h; path = Sources/VLSheetView.h; sourceTree = "<group>"; };
		95BDA15809540BF1009F9D65 /* VLSheetView.mm */ = {isa = PBXFileReference; fileEncoding = 4; lastKnownFileType = sourcecode.cpp.objcpp; name = VLSheetView.mm; path = Sources/VLSheetView.mm; sourceTree = "<group>"; };
		95C461660B043E4D00649F92 /* includes */ = {isa = PBXFileReference; lastKnownFileType = folder; name = includes; path = mma/includes; sourceTree = "<group>"; };
		95C4616E0B043E4D00649F92 /* lib */ = {isa = PBXFileReference; lastKnownFileType = folder; name = lib; path = mma/lib; sourceTree = "<group>"; };
		95C461D50B04406300649F92 /* mma.py */ = {isa = PBXFileReference; fileEncoding = 30; lastKnownFileType = text.script.python; name = mma.py; path = mma/mma.py; sourceTree = "<group>"; };
		95C461DD0B04430F00649F92 /* MMA */ = {isa = PBXFileReference; lastKnownFileType = folder; name = MMA; path = mma/MMA; sourceTree = "<group>"; };
		95C461FF0B04472900649F92 /* mmaWrapper */ = {isa = PBXFileReference; fileEncoding = 30; lastKnownFileType = text.script.sh; name = mmaWrapper; path = Tools/mmaWrapper; sourceTree = "<group>"; };
		95C4627A0B045C8E00649F92 /* lilyWrapper */ = {isa = PBXFileReference; fileEncoding = 30; lastKnownFileType = text.script.sh; name = lilyWrapper; path = Tools/lilyWrapper; sourceTree = "<group>"; };
		95D0C2FB0B785D020061080E /* rebuildGrooves */ = {isa = PBXFileReference; explicitFileType = text.script.ruby; fileEncoding = 4; name = rebuildGrooves; path = Tools/rebuildGrooves; sourceTree = "<group>"; };
		95E04DA00AEB4837006F30A0 /* TVLLilypond */ = {isa = PBXFileReference; explicitFileType = "compiled.mach-o.executable"; includeInIndex = 0; path = TVLLilypond; sourceTree = BUILT_PRODUCTS_DIR; };
		95E04DA60AEB486E006F30A0 /* TVLLilypond.mm */ = {isa = PBXFileReference; fileEncoding = 30; lastKnownFileType = sourcecode.cpp.objcpp; name = TVLLilypond.mm; path = Tests/TVLLilypond.mm; sourceTree = "<group>"; };
		95E04DCA0AEB4D9B006F30A0 /* Templates */ = {isa = PBXFileReference; lastKnownFileType = folder; name = Templates; path = Resources/Templates; sourceTree = "<group>"; };
		95E299BD0B2006F5001977D2 /* VLSheetViewLyrics.h */ = {isa = PBXFileReference; fileEncoding = 30; lastKnownFileType = sourcecode.c.h; name = VLSheetViewLyrics.h; path = Sources/VLSheetViewLyrics.h; sourceTree = "<group>"; };
		95E299BE0B2006F5001977D2 /* VLSheetViewLyrics.mm */ = {isa = PBXFileReference; fileEncoding = 30; lastKnownFileType = sourcecode.cpp.objcpp; name = VLSheetViewLyrics.mm; path = Sources/VLSheetViewLyrics.mm; sourceTree = "<group>"; };
		95EDA5A80B06DE46004D8D6E /* VLMIDIDocument.h */ = {isa = PBXFileReference; fileEncoding = 30; lastKnownFileType = sourcecode.c.h; name = VLMIDIDocument.h; path = Sources/VLMIDIDocument.h; sourceTree = "<group>"; };
		95EDA5A90B06DE46004D8D6E /* VLMIDIDocument.mm */ = {isa = PBXFileReference; fileEncoding = 30; lastKnownFileType = sourcecode.cpp.objcpp; name = VLMIDIDocument.mm; path = Sources/VLMIDIDocument.mm; sourceTree = "<group>"; };
		95F5F50D0ADCC433003980B2 /* VLXMLDocument.h */ = {isa = PBXFileReference; fileEncoding = 4; lastKnownFileType = sourcecode.c.h; name = VLXMLDocument.h; path = Sources/VLXMLDocument.h; sourceTree = "<group>"; };
		95F5F50E0ADCC433003980B2 /* VLXMLDocument.mm */ = {isa = PBXFileReference; fileEncoding = 4; lastKnownFileType = sourcecode.cpp.objcpp; name = VLXMLDocument.mm; path = Sources/VLXMLDocument.mm; sourceTree = "<group>"; };
		95F820A90AF884A30010963D /* VLMMADocument.h */ = {isa = PBXFileReference; fileEncoding = 30; lastKnownFileType = sourcecode.c.h; name = VLMMADocument.h; path = Sources/VLMMADocument.h; sourceTree = "<group>"; };
		95F820AA0AF884A30010963D /* VLMMADocument.mm */ = {isa = PBXFileReference; fileEncoding = 30; lastKnownFileType = sourcecode.cpp.objcpp; name = VLMMADocument.mm; path = Sources/VLMMADocument.mm; sourceTree = "<group>"; };
		95FC668D0AF0A08C003D9C11 /* VLLogWindow.h */ = {isa = PBXFileReference; fileEncoding = 30; lastKnownFileType = sourcecode.c.h; name = VLLogWindow.h; path = Sources/VLLogWindow.h; sourceTree = "<group>"; };
		95FC668E0AF0A08C003D9C11 /* VLLogWindow.mm */ = {isa = PBXFileReference; fileEncoding = 30; lastKnownFileType = sourcecode.cpp.objcpp; name = VLLogWindow.mm; path = Sources/VLLogWindow.mm; sourceTree = "<group>"; };
		95FC66950AF0A112003D9C11 /* VLLogWindow.nib */ = {isa = PBXFileReference; lastKnownFileType = wrapper.nib; name = VLLogWindow.nib; path = English.lproj/VLLogWindow.nib; sourceTree = "<group>"; };
		95FC66A40AF0A24C003D9C11 /* VLPDFWindow.h */ = {isa = PBXFileReference; fileEncoding = 30; lastKnownFileType = sourcecode.c.h; name = VLPDFWindow.h; path = Sources/VLPDFWindow.h; sourceTree = "<group>"; };
		95FC66A50AF0A24C003D9C11 /* VLPDFWindow.mm */ = {isa = PBXFileReference; fileEncoding = 30; lastKnownFileType = sourcecode.cpp.objcpp; name = VLPDFWindow.mm; path = Sources/VLPDFWindow.mm; sourceTree = "<group>"; };
		95FC66B90AF0A3AD003D9C11 /* VLPDFWindow.nib */ = {isa = PBXFileReference; lastKnownFileType = wrapper.nib; name = VLPDFWindow.nib; path = English.lproj/VLPDFWindow.nib; sourceTree = "<group>"; };
		95FC66BC0AF0A4D4003D9C11 /* console.icns */ = {isa = PBXFileReference; lastKnownFileType = image.icns; name = console.icns; path = Resources/console.icns; sourceTree = "<group>"; };
		95FC66BD0AF0A4D4003D9C11 /* music.tiff */ = {isa = PBXFileReference; lastKnownFileType = image.tiff; name = music.tiff; path = Resources/music.tiff; sourceTree = "<group>"; };
		95FC66BE0AF0A4D4003D9C11 /* nextpage.tiff */ = {isa = PBXFileReference; lastKnownFileType = image.tiff; name = nextpage.tiff; path = Resources/nextpage.tiff; sourceTree = "<group>"; };
		95FC66BF0AF0A4D4003D9C11 /* prevpage.tiff */ = {isa = PBXFileReference; lastKnownFileType = image.tiff; name = prevpage.tiff; path = Resources/prevpage.tiff; sourceTree = "<group>"; };
		95FC66C00AF0A4D4003D9C11 /* run.icns */ = {isa = PBXFileReference; lastKnownFileType = image.icns; name = run.icns; path = Resources/run.icns; sourceTree = "<group>"; };
		95FC66C10AF0A4D4003D9C11 /* zoomin.tiff */ = {isa = PBXFileReference; lastKnownFileType = image.tiff; name = zoomin.tiff; path = Resources/zoomin.tiff; sourceTree = "<group>"; };
		95FC66C20AF0A4D4003D9C11 /* zoomout.tiff */ = {isa = PBXFileReference; lastKnownFileType = image.tiff; name = zoomout.tiff; path = Resources/zoomout.tiff; sourceTree = "<group>"; };
		95FC66CC0AF0A591003D9C11 /* VLPDFView.mm */ = {isa = PBXFileReference; fileEncoding = 30; lastKnownFileType = sourcecode.cpp.objcpp; name = VLPDFView.mm; path = Sources/VLPDFView.mm; sourceTree = "<group>"; };
		95FC66CD0AF0A591003D9C11 /* VLPDFView.h */ = {isa = PBXFileReference; fileEncoding = 30; lastKnownFileType = sourcecode.c.h; name = VLPDFView.h; path = Sources/VLPDFView.h; sourceTree = "<group>"; };
/* End PBXFileReference section */

/* Begin PBXFrameworksBuildPhase section */
		8D15AC330486D014006FF6A4 /* Frameworks */ = {
			isa = PBXFrameworksBuildPhase;
			buildActionMask = 2147483647;
			files = (
				8D15AC340486D014006FF6A4 /* Cocoa.framework in Frameworks */,
				95932B91096527700008B0DB /* AudioUnit.framework in Frameworks */,
				95932B92096527710008B0DB /* AudioToolbox.framework in Frameworks */,
				95A1C37C0AF1D4370076597D /* Quartz.framework in Frameworks */,
				9524DB390BE5CA070002AC03 /* Carbon.framework in Frameworks */,
			);
			runOnlyForDeploymentPostprocessing = 0;
		};
		952CBB96095FD19D00434E43 /* Frameworks */ = {
			isa = PBXFrameworksBuildPhase;
			buildActionMask = 2147483647;
			files = (
				952CBBB4095FD34F00434E43 /* AudioToolbox.framework in Frameworks */,
				952CBBB5095FD34F00434E43 /* AudioUnit.framework in Frameworks */,
				95009B830B0EDCD800EB33A4 /* CoreFoundation.framework in Frameworks */,
			);
			runOnlyForDeploymentPostprocessing = 0;
		};
		955E595A0957C0FC0045FDA5 /* Frameworks */ = {
			isa = PBXFrameworksBuildPhase;
			buildActionMask = 2147483647;
			files = (
			);
			runOnlyForDeploymentPostprocessing = 0;
		};
		9594089E096922CA007CCCF8 /* Frameworks */ = {
			isa = PBXFrameworksBuildPhase;
			buildActionMask = 2147483647;
			files = (
			);
			runOnlyForDeploymentPostprocessing = 0;
		};
		95E04D9E0AEB4837006F30A0 /* Frameworks */ = {
			isa = PBXFrameworksBuildPhase;
			buildActionMask = 2147483647;
			files = (
				95E04DC70AEB4B57006F30A0 /* Cocoa.framework in Frameworks */,
			);
			runOnlyForDeploymentPostprocessing = 0;
		};
/* End PBXFrameworksBuildPhase section */

/* Begin PBXGroup section */
		1058C7A6FEA54F5311CA2CBB /* Linked Frameworks */ = {
			isa = PBXGroup;
			children = (
				9524DB380BE5CA070002AC03 /* Carbon.framework */,
				95009B820B0EDCD800EB33A4 /* CoreFoundation.framework */,
				95A1C37B0AF1D4370076597D /* Quartz.framework */,
				1058C7A7FEA54F5311CA2CBB /* Cocoa.framework */,
				952CBBB2095FD34F00434E43 /* AudioToolbox.framework */,
				952CBBB3095FD34F00434E43 /* AudioUnit.framework */,
			);
			name = "Linked Frameworks";
			sourceTree = "<group>";
		};
		1058C7A8FEA54F5311CA2CBB /* Other Frameworks */ = {
			isa = PBXGroup;
			children = (
				2A37F4C4FDCFA73011CA2CEA /* AppKit.framework */,
				13E42FBA07B3F13500E4EEF1 /* CoreData.framework */,
				2A37F4C5FDCFA73011CA2CEA /* Foundation.framework */,
			);
			name = "Other Frameworks";
			sourceTree = "<group>";
		};
		19C28FB0FE9D524F11CA2CBB /* Products */ = {
			isa = PBXGroup;
			children = (
				8D15AC370486D014006FF6A4 /* VocalEasel.app */,
				955E595C0957C0FC0045FDA5 /* TVLChord */,
				952CBB98095FD19D00434E43 /* TVLSoundOut */,
				959408A0096922CA007CCCF8 /* TVLEdit */,
				95E04DA00AEB4837006F30A0 /* TVLLilypond */,
			);
			name = Products;
			sourceTree = "<group>";
		};
		2A37F4AAFDCFA73011CA2CEA /* Vocalese */ = {
			isa = PBXGroup;
			children = (
				2A37F4ABFDCFA73011CA2CEA /* Classes */,
				9546A1090B08B47A0028503B /* CoreAudio SDK Sources */,
				2A37F4AFFDCFA73011CA2CEA /* Other Sources */,
				95C461D40B04403600649F92 /* Tools */,
				95C461DC0B0442EB00649F92 /* MMA */,
				2A37F4B8FDCFA73011CA2CEA /* Resources */,
				955E59560957C0C50045FDA5 /* Tests */,
				2A37F4C3FDCFA73011CA2CEA /* Frameworks */,
				19C28FB0FE9D524F11CA2CBB /* Products */,
			);
			name = Vocalese;
			sourceTree = "<group>";
		};
		2A37F4ABFDCFA73011CA2CEA /* Classes */ = {
			isa = PBXGroup;
			children = (
				9545C5C10C092F4600251547 /* VLMMAWriter.cpp */,
				9545C5C20C092F4600251547 /* VLMMAWriter.h */,
				955DA2940C0551EC008F73B8 /* VLLilypondWriter.cpp */,
				955DA2950C0551EC008F73B8 /* VLLilypondWriter.h */,
				95A55C520BD5E5760068A203 /* VLPDFDocument.h */,
				95A55C530BD5E5770068A203 /* VLPDFDocument.mm */,
				95EDA5A80B06DE46004D8D6E /* VLMIDIDocument.h */,
				95EDA5A90B06DE46004D8D6E /* VLMIDIDocument.mm */,
				95F820A90AF884A30010963D /* VLMMADocument.h */,
				95F820AA0AF884A30010963D /* VLMMADocument.mm */,
				95A1C3840AF2ACE20076597D /* VLSheetWindow.h */,
				95A1C3850AF2ACE20076597D /* VLSheetWindow.mm */,
				95FC66CC0AF0A591003D9C11 /* VLPDFView.mm */,
				95FC66CD0AF0A591003D9C11 /* VLPDFView.h */,
				95FC66A40AF0A24C003D9C11 /* VLPDFWindow.h */,
				95FC66A50AF0A24C003D9C11 /* VLPDFWindow.mm */,
				95FC668D0AF0A08C003D9C11 /* VLLogWindow.h */,
				95FC668E0AF0A08C003D9C11 /* VLLogWindow.mm */,
				95498DBB0AE3812F006B5F81 /* VLSoundSched.h */,
				95498DBC0AE3812F006B5F81 /* VLSoundSched.mm */,
				952CBB9A095FD1CA00434E43 /* VLSoundOut.cpp */,
				952CBB9B095FD1CA00434E43 /* VLSoundOut.h */,
				2A37F4AEFDCFA73011CA2CEA /* VLDocument.h */,
				2A37F4ACFDCFA73011CA2CEA /* VLDocument.mm */,
				955E58E3095658AB0045FDA5 /* VLModel.h */,
				955E58E4095658AB0045FDA5 /* VLModel.cpp */,
				95BDA15709540BF1009F9D65 /* VLSheetView.h */,
				95BDA15809540BF1009F9D65 /* VLSheetView.mm */,
				95B66653096BC6A100FE18C9 /* VLSheetViewInternal.h */,
				952DCD76096BBB11001C2316 /* VLSheetViewChords.h */,
				952DCD77096BBB11001C2316 /* VLSheetViewChords.mm */,
				95B66656096BCA1F00FE18C9 /* VLSheetViewNotes.h */,
				95B66657096BCA1F00FE18C9 /* VLSheetViewNotes.mm */,
				95E299BD0B2006F5001977D2 /* VLSheetViewLyrics.h */,
				95E299BE0B2006F5001977D2 /* VLSheetViewLyrics.mm */,
				95F5F50D0ADCC433003980B2 /* VLXMLDocument.h */,
				95F5F50E0ADCC433003980B2 /* VLXMLDocument.mm */,
				953722650AE9F0E100B6E483 /* VLLilypondDocument.h */,
				953722660AE9F0E100B6E483 /* VLLilypondDocument.mm */,
				954BBD840AEDDE5300BBFD5F /* VLAppController.h */,
				954BBD850AEDDE5300BBFD5F /* VLAppController.mm */,
				954BBD980AEDE81500BBFD5F /* VLPitchTransformer.h */,
				954BBD990AEDE81500BBFD5F /* VLPitchTransformer.mm */,
				955CBA4C0B2366DD001CF4A1 /* VLKeyValueUndo.h */,
				955CBA4D0B2366DD001CF4A1 /* VLKeyValueUndo.mm */,
				954DD4B70B444B220056C504 /* VLSheetViewSelection.h */,
				954DD4E50B44E67F0056C504 /* VLSheetViewSelection.mm */,
				9599ED9A0B731CC500A6A2F7 /* VLGrooveController.h */,
				9599ED9B0B731CC500A6A2F7 /* VLGrooveController.mm */,
				95784D850BFAD795009ABEA4 /* VLMirrorWindow.h */,
				95784D860BFAD795009ABEA4 /* VLMirrorWindow.mm */,
			);
			name = Classes;
			sourceTree = "<group>";
		};
		2A37F4AFFDCFA73011CA2CEA /* Other Sources */ = {
			isa = PBXGroup;
			children = (
				32DBCF750370BD2300C91783 /* Vocalese_Prefix.pch */,
				2A37F4B0FDCFA73011CA2CEA /* main.m */,
			);
			name = "Other Sources";
			sourceTree = "<group>";
		};
		2A37F4B8FDCFA73011CA2CEA /* Resources */ = {
			isa = PBXGroup;
			children = (
				9524DAF70BE569C50002AC03 /* Help */,
				95049CF20BDC32CD0015EE6E /* installLilypond.scpt */,
				95049D010BDC43510015EE6E /* installPython.scpt */,
				954DD4DF0B44E61E0056C504 /* VLDocument.nib */,
				954DD4DA0B44E6000056C504 /* MainMenu.nib */,
				95FC66BC0AF0A4D4003D9C11 /* console.icns */,
				9530A7010BD9E16700635FEC /* display.tiff */,
				95FC66BD0AF0A4D4003D9C11 /* music.tiff */,
				950795E00B4A34D9008911A6 /* stop.tiff */,
				95FC66BE0AF0A4D4003D9C11 /* nextpage.tiff */,
				95FC66BF0AF0A4D4003D9C11 /* prevpage.tiff */,
				95FC66C00AF0A4D4003D9C11 /* run.icns */,
				95FC66C10AF0A4D4003D9C11 /* zoomin.tiff */,
				95FC66C20AF0A4D4003D9C11 /* zoomout.tiff */,
				95FC66B90AF0A3AD003D9C11 /* VLPDFWindow.nib */,
				95FC66950AF0A112003D9C11 /* VLLogWindow.nib */,
				954F20300BFABD96006CAE0E /* VLMirrorWindow.nib */,
				95E04DCA0AEB4D9B006F30A0 /* Templates */,
				9593E4E60AE0ED1F00035816 /* vlsong.icns */,
				9593E4E70AE0ED1F00035816 /* vlapp.icns */,
				95B3E1980960E58B000E9C0D /* Music */,
				2A37F4B9FDCFA73011CA2CEA /* Credits.rtf */,
				8D15AC360486D014006FF6A4 /* Info.plist */,
				089C165FFE840EACC02AAC07 /* InfoPlist.strings */,
				9599ED940B73185800A6A2F7 /* VLGroove.nib */,
			);
			name = Resources;
			sourceTree = "<group>";
		};
		2A37F4C3FDCFA73011CA2CEA /* Frameworks */ = {
			isa = PBXGroup;
			children = (
				1058C7A6FEA54F5311CA2CBB /* Linked Frameworks */,
				1058C7A8FEA54F5311CA2CBB /* Other Frameworks */,
			);
			name = Frameworks;
			sourceTree = "<group>";
		};
		9546A1090B08B47A0028503B /* CoreAudio SDK Sources */ = {
			isa = PBXGroup;
			children = (
				95009B620B0ED18700EB33A4 /* CAConditionalMacros.h */,
				95009B630B0ED18700EB33A4 /* CAMath.h */,
				95009B4E0B0ED0BB00EB33A4 /* CADebugMacros.cpp */,
				95009B4F0B0ED0BB00EB33A4 /* CADebugMacros.h */,
				95009B220B0ECF9000EB33A4 /* AUOutputBL.cpp */,
				95009B230B0ECF9000EB33A4 /* AUOutputBL.h */,
				95009B240B0ECF9000EB33A4 /* CAAudioFileFormats.cpp */,
				95009B250B0ECF9000EB33A4 /* CAAudioFileFormats.h */,
				95009B260B0ECF9000EB33A4 /* CAStreamBasicDescription.cpp */,
				95009B270B0ECF9000EB33A4 /* CAStreamBasicDescription.h */,
			);
			name = "CoreAudio SDK Sources";
			sourceTree = "<group>";
		};
		955E59560957C0C50045FDA5 /* Tests */ = {
			isa = PBXGroup;
			children = (
				95E04DA60AEB486E006F30A0 /* TVLLilypond.mm */,
				959408AC096922EA007CCCF8 /* TVLEdit.cpp */,
				952CBB9E095FD1D900434E43 /* TVLSoundOut.cpp */,
				955E59600957C1400045FDA5 /* TVLChord.cpp */,
			);
			name = Tests;
			sourceTree = "<group>";
		};
		95C461D40B04403600649F92 /* Tools */ = {
			isa = PBXGroup;
			children = (
				95C4627A0B045C8E00649F92 /* lilyWrapper */,
				95C461FF0B04472900649F92 /* mmaWrapper */,
				95C461D50B04406300649F92 /* mma.py */,
				95D0C2FB0B785D020061080E /* rebuildGrooves */,
			);
			name = Tools;
			sourceTree = "<group>";
		};
		95C461DC0B0442EB00649F92 /* MMA */ = {
			isa = PBXGroup;
			children = (
				95C461DD0B04430F00649F92 /* MMA */,
				95C461660B043E4D00649F92 /* includes */,
				95C4616E0B043E4D00649F92 /* lib */,
			);
			name = MMA;
			sourceTree = "<group>";
		};
/* End PBXGroup section */

/* Begin PBXNativeTarget section */
		8D15AC270486D014006FF6A4 /* VocalEasel */ = {
			isa = PBXNativeTarget;
			buildConfigurationList = 95D7BF780AA699C600D5E02C /* Build configuration list for PBXNativeTarget "VocalEasel" */;
			buildPhases = (
				8D15AC2B0486D014006FF6A4 /* Resources */,
				8D15AC300486D014006FF6A4 /* Sources */,
				8D15AC330486D014006FF6A4 /* Frameworks */,
				95C461630B043DCA00649F92 /* Copy MMA Library */,
				95C461D70B04409F00649F92 /* Copy Tools */,
				95C462020B04475300649F92 /* ShellScript */,
			);
			buildRules = (
			);
			dependencies = (
			);
			name = VocalEasel;
			productInstallPath = "$(HOME)/Applications";
			productName = Vocalese;
			productReference = 8D15AC370486D014006FF6A4 /* VocalEasel.app */;
			productType = "com.apple.product-type.application";
		};
		952CBB97095FD19D00434E43 /* TVLSoundOut */ = {
			isa = PBXNativeTarget;
			buildConfigurationList = 95D7BF800AA699C600D5E02C /* Build configuration list for PBXNativeTarget "TVLSoundOut" */;
			buildPhases = (
				952CBB95095FD19D00434E43 /* Sources */,
				952CBB96095FD19D00434E43 /* Frameworks */,
			);
			buildRules = (
			);
			dependencies = (
			);
			name = TVLSoundOut;
			productName = TVLSoundOut;
			productReference = 952CBB98095FD19D00434E43 /* TVLSoundOut */;
			productType = "com.apple.product-type.tool";
		};
		955E595B0957C0FC0045FDA5 /* TVLChord */ = {
			isa = PBXNativeTarget;
			buildConfigurationList = 95D7BF7C0AA699C600D5E02C /* Build configuration list for PBXNativeTarget "TVLChord" */;
			buildPhases = (
				955E59590957C0FC0045FDA5 /* Sources */,
				955E595A0957C0FC0045FDA5 /* Frameworks */,
			);
			buildRules = (
			);
			dependencies = (
			);
			name = TVLChord;
			productName = TVLChord;
			productReference = 955E595C0957C0FC0045FDA5 /* TVLChord */;
			productType = "com.apple.product-type.tool";
		};
		9594089F096922CA007CCCF8 /* TVLEdit */ = {
			isa = PBXNativeTarget;
			buildConfigurationList = 95D7BF840AA699C600D5E02C /* Build configuration list for PBXNativeTarget "TVLEdit" */;
			buildPhases = (
				9594089D096922CA007CCCF8 /* Sources */,
				9594089E096922CA007CCCF8 /* Frameworks */,
			);
			buildRules = (
			);
			dependencies = (
			);
			name = TVLEdit;
			productName = TVLEdit;
			productReference = 959408A0096922CA007CCCF8 /* TVLEdit */;
			productType = "com.apple.product-type.tool";
		};
		95E04D9F0AEB4837006F30A0 /* TVLLilypond */ = {
			isa = PBXNativeTarget;
			buildConfigurationList = 95E04DA20AEB485A006F30A0 /* Build configuration list for PBXNativeTarget "TVLLilypond" */;
			buildPhases = (
				95E04D9D0AEB4837006F30A0 /* Sources */,
				95E04D9E0AEB4837006F30A0 /* Frameworks */,
			);
			buildRules = (
			);
			dependencies = (
			);
			name = TVLLilypond;
			productName = TVLLilypond;
			productReference = 95E04DA00AEB4837006F30A0 /* TVLLilypond */;
			productType = "com.apple.product-type.tool";
		};
/* End PBXNativeTarget section */

/* Begin PBXProject section */
		2A37F4A9FDCFA73011CA2CEA /* Project object */ = {
			isa = PBXProject;
			buildConfigurationList = 95D7BF740AA699C600D5E02C /* Build configuration list for PBXProject "VocalEasel" */;
			compatibilityVersion = "Xcode 2.4";
			hasScannedForEncodings = 1;
			mainGroup = 2A37F4AAFDCFA73011CA2CEA /* Vocalese */;
			projectDirPath = "";
			projectRoot = "";
			shouldCheckCompatibility = 1;
			targets = (
				8D15AC270486D014006FF6A4 /* VocalEasel */,
				955E595B0957C0FC0045FDA5 /* TVLChord */,
				952CBB97095FD19D00434E43 /* TVLSoundOut */,
				9594089F096922CA007CCCF8 /* TVLEdit */,
				95E04D9F0AEB4837006F30A0 /* TVLLilypond */,
			);
		};
/* End PBXProject section */

/* Begin PBXResourcesBuildPhase section */
		8D15AC2B0486D014006FF6A4 /* Resources */ = {
			isa = PBXResourcesBuildPhase;
			buildActionMask = 2147483647;
			files = (
				95049D020BDC436A0015EE6E /* installPython.scpt in Resources */,
				95049CF30BDC32EB0015EE6E /* installLilypond.scpt in Resources */,
				8D15AC2C0486D014006FF6A4 /* Credits.rtf in Resources */,
				8D15AC2F0486D014006FF6A4 /* InfoPlist.strings in Resources */,
				95B3E1A70960E58B000E9C0D /* Music in Resources */,
				9593E4E80AE0ED1F00035816 /* vlsong.icns in Resources */,
				9593E4E90AE0ED1F00035816 /* vlapp.icns in Resources */,
				95E04DCE0AEB4D9B006F30A0 /* Templates in Resources */,
				95FC66960AF0A112003D9C11 /* VLLogWindow.nib in Resources */,
				95FC66BA0AF0A3AD003D9C11 /* VLPDFWindow.nib in Resources */,
				95FC66C30AF0A4D4003D9C11 /* console.icns in Resources */,
				95FC66C40AF0A4D4003D9C11 /* music.tiff in Resources */,
				95FC66C50AF0A4D5003D9C11 /* nextpage.tiff in Resources */,
				95FC66C60AF0A4D5003D9C11 /* prevpage.tiff in Resources */,
				95FC66C70AF0A4D5003D9C11 /* run.icns in Resources */,
				95FC66C80AF0A4D5003D9C11 /* zoomin.tiff in Resources */,
				95FC66C90AF0A4D5003D9C11 /* zoomout.tiff in Resources */,
				959420EB0B44E769006BC62C /* MainMenu.nib in Resources */,
				959420EC0B44E77A006BC62C /* VLDocument.nib in Resources */,
				950795E10B4A34D9008911A6 /* stop.tiff in Resources */,
				9599ED960B73185800A6A2F7 /* VLGroove.nib in Resources */,
				9530A7020BD9E16700635FEC /* display.tiff in Resources */,
				9524DAFB0BE569C50002AC03 /* Help in Resources */,
				954F20310BFABD96006CAE0E /* VLMirrorWindow.nib in Resources */,
			);
			runOnlyForDeploymentPostprocessing = 0;
		};
/* End PBXResourcesBuildPhase section */

/* Begin PBXShellScriptBuildPhase section */
		95C462020B04475300649F92 /* ShellScript */ = {
			isa = PBXShellScriptBuildPhase;
			buildActionMask = 2147483647;
			files = (
			);
			inputPaths = (
			);
			outputPaths = (
			);
			runOnlyForDeploymentPostprocessing = 0;
			shellPath = /bin/sh;
			shellScript = "$BUILT_PRODUCTS_DIR/VocalEasel.app/Contents/Resources/bin/mmaWrapper -g\n$SRCROOT/Tools/rebuildGrooves $BUILT_PRODUCTS_DIR/VocalEasel.app/Contents/Resources/share/mma/lib $BUILT_PRODUCTS_DIR/VocalEasel.app/Contents/Resources/Grooves.plist\n";
		};
/* End PBXShellScriptBuildPhase section */

/* Begin PBXSourcesBuildPhase section */
		8D15AC300486D014006FF6A4 /* Sources */ = {
			isa = PBXSourcesBuildPhase;
			buildActionMask = 2147483647;
			files = (
				8D15AC310486D014006FF6A4 /* VLDocument.mm in Sources */,
				8D15AC320486D014006FF6A4 /* main.m in Sources */,
				95BDA15909540BF1009F9D65 /* VLSheetView.mm in Sources */,
				955E58E5095658AB0045FDA5 /* VLModel.cpp in Sources */,
				952CBB9D095FD1CA00434E43 /* VLSoundOut.cpp in Sources */,
				952DCD78096BBB11001C2316 /* VLSheetViewChords.mm in Sources */,
				95B66658096BCA1F00FE18C9 /* VLSheetViewNotes.mm in Sources */,
				95F5F50F0ADCC433003980B2 /* VLXMLDocument.mm in Sources */,
				95498DBD0AE3812F006B5F81 /* VLSoundSched.mm in Sources */,
				953722670AE9F0E100B6E483 /* VLLilypondDocument.mm in Sources */,
				954BBD860AEDDE5300BBFD5F /* VLAppController.mm in Sources */,
				954BBD9A0AEDE81500BBFD5F /* VLPitchTransformer.mm in Sources */,
				95FC668F0AF0A08C003D9C11 /* VLLogWindow.mm in Sources */,
				95FC66A60AF0A24C003D9C11 /* VLPDFWindow.mm in Sources */,
				95FC66CE0AF0A591003D9C11 /* VLPDFView.mm in Sources */,
				95A1C3860AF2ACE20076597D /* VLSheetWindow.mm in Sources */,
				95F820AB0AF884A30010963D /* VLMMADocument.mm in Sources */,
				95EDA5AB0B06DE47004D8D6E /* VLMIDIDocument.mm in Sources */,
				95009B280B0ECF9000EB33A4 /* AUOutputBL.cpp in Sources */,
				95009B2A0B0ECF9000EB33A4 /* CAAudioFileFormats.cpp in Sources */,
				95009B2C0B0ECF9000EB33A4 /* CAStreamBasicDescription.cpp in Sources */,
				95009B500B0ED0BB00EB33A4 /* CADebugMacros.cpp in Sources */,
				95E299C00B2006F5001977D2 /* VLSheetViewLyrics.mm in Sources */,
				955CBA4F0B2366DD001CF4A1 /* VLKeyValueUndo.mm in Sources */,
				954DD4E60B44E67F0056C504 /* VLSheetViewSelection.mm in Sources */,
				9599ED9D0B731CC500A6A2F7 /* VLGrooveController.mm in Sources */,
				95A55C540BD5E5770068A203 /* VLPDFDocument.mm in Sources */,
				95784D870BFAD795009ABEA4 /* VLMirrorWindow.mm in Sources */,
				955DA2960C0551EC008F73B8 /* VLLilypondWriter.cpp in Sources */,
				9545C5C30C092F4600251547 /* VLMMAWriter.cpp in Sources */,
			);
			runOnlyForDeploymentPostprocessing = 0;
		};
		952CBB95095FD19D00434E43 /* Sources */ = {
			isa = PBXSourcesBuildPhase;
			buildActionMask = 2147483647;
			files = (
				952CBB9C095FD1CA00434E43 /* VLSoundOut.cpp in Sources */,
				952CBB9F095FD1D900434E43 /* TVLSoundOut.cpp in Sources */,
				952CBBB6095FD37300434E43 /* VLModel.cpp in Sources */,
				95009B7E0B0EDC7400EB33A4 /* AUOutputBL.cpp in Sources */,
				95009B7F0B0EDC7900EB33A4 /* CAAudioFileFormats.cpp in Sources */,
				95009B800B0EDC7B00EB33A4 /* CADebugMacros.cpp in Sources */,
				95009B810B0EDC7D00EB33A4 /* CAStreamBasicDescription.cpp in Sources */,
			);
			runOnlyForDeploymentPostprocessing = 0;
		};
		955E59590957C0FC0045FDA5 /* Sources */ = {
			isa = PBXSourcesBuildPhase;
			buildActionMask = 2147483647;
			files = (
				955E59610957C1400045FDA5 /* TVLChord.cpp in Sources */,
				955E59640957C15A0045FDA5 /* VLModel.cpp in Sources */,
			);
			runOnlyForDeploymentPostprocessing = 0;
		};
		9594089D096922CA007CCCF8 /* Sources */ = {
			isa = PBXSourcesBuildPhase;
			buildActionMask = 2147483647;
			files = (
				959408AD096922EA007CCCF8 /* TVLEdit.cpp in Sources */,
				959408AE096922F7007CCCF8 /* VLModel.cpp in Sources */,
			);
			runOnlyForDeploymentPostprocessing = 0;
		};
		95E04D9D0AEB4837006F30A0 /* Sources */ = {
			isa = PBXSourcesBuildPhase;
			buildActionMask = 2147483647;
			files = (
				95E04DA70AEB486E006F30A0 /* TVLLilypond.mm in Sources */,
				95E04DA80AEB4878006F30A0 /* VLDocument.mm in Sources */,
				95E04DA90AEB487A006F30A0 /* VLLilypondDocument.mm in Sources */,
				95E04DAA0AEB487E006F30A0 /* VLModel.cpp in Sources */,
				95E04DAB0AEB4886006F30A0 /* VLXMLDocument.mm in Sources */,
			);
			runOnlyForDeploymentPostprocessing = 0;
		};
/* End PBXSourcesBuildPhase section */

/* Begin PBXVariantGroup section */
		089C165FFE840EACC02AAC07 /* InfoPlist.strings */ = {
			isa = PBXVariantGroup;
			children = (
				089C1660FE840EACC02AAC07 /* English */,
			);
			name = InfoPlist.strings;
			sourceTree = "<group>";
		};
		2A37F4B9FDCFA73011CA2CEA /* Credits.rtf */ = {
			isa = PBXVariantGroup;
			children = (
				2A37F4BAFDCFA73011CA2CEA /* English */,
			);
			name = Credits.rtf;
			sourceTree = "<group>";
		};
		9599ED940B73185800A6A2F7 /* VLGroove.nib */ = {
			isa = PBXVariantGroup;
			children = (
				9599ED950B73185800A6A2F7 /* English */,
			);
			name = VLGroove.nib;
			sourceTree = "<group>";
		};
/* End PBXVariantGroup section */

/* Begin XCBuildConfiguration section */
		95D7BF750AA699C600D5E02C /* Development */ = {
			isa = XCBuildConfiguration;
			buildSettings = {
				SDKROOT = /Developer/SDKs/MacOSX10.4u.sdk;
				USER_HEADER_SEARCH_PATHS = "Sources/**";
			};
			name = Development;
		};
		95D7BF760AA699C600D5E02C /* Deployment */ = {
			isa = XCBuildConfiguration;
			buildSettings = {
				SDKROOT = /Developer/SDKs/MacOSX10.4u.sdk;
			};
			name = Deployment;
		};
		95D7BF770AA699C600D5E02C /* Default */ = {
			isa = XCBuildConfiguration;
			buildSettings = {
				SDKROOT = /Developer/SDKs/MacOSX10.4u.sdk;
			};
			name = Default;
		};
		95D7BF790AA699C600D5E02C /* Development */ = {
			isa = XCBuildConfiguration;
			buildSettings = {
				COPY_PHASE_STRIP = NO;
				GCC_DYNAMIC_NO_PIC = NO;
				GCC_ENABLE_FIX_AND_CONTINUE = YES;
				GCC_GENERATE_DEBUGGING_SYMBOLS = YES;
				GCC_OPTIMIZATION_LEVEL = 0;
				GCC_PRECOMPILE_PREFIX_HEADER = YES;
				GCC_PREFIX_HEADER = Sources/VocalEasel_Prefix.pch;
				GCC_WARN_ABOUT_RETURN_TYPE = YES;
				GCC_WARN_UNUSED_VARIABLE = YES;
				INFOPLIST_FILE = Resources/Info.plist;
				INSTALL_PATH = "$(HOME)/Applications";
				PREBINDING = NO;
				PRODUCT_NAME = VocalEasel;
				WRAPPER_EXTENSION = app;
				ZERO_LINK = YES;
			};
			name = Development;
		};
		95D7BF7A0AA699C600D5E02C /* Deployment */ = {
			isa = XCBuildConfiguration;
			buildSettings = {
				ARCHS = (
					ppc,
					i386,
				);
				COPY_PHASE_STRIP = YES;
				GCC_ENABLE_FIX_AND_CONTINUE = NO;
				GCC_GENERATE_DEBUGGING_SYMBOLS = NO;
				GCC_PRECOMPILE_PREFIX_HEADER = YES;
				GCC_PREFIX_HEADER = Sources/VocalEasel_Prefix.pch;
				GCC_WARN_ABOUT_RETURN_TYPE = YES;
				GCC_WARN_UNUSED_VARIABLE = YES;
				INFOPLIST_FILE = Resources/Info.plist;
				INSTALL_PATH = "$(HOME)/Applications";
				PREBINDING = NO;
				PRODUCT_NAME = VocalEasel;
				WRAPPER_EXTENSION = app;
				ZERO_LINK = NO;
			};
			name = Deployment;
		};
		95D7BF7B0AA699C600D5E02C /* Default */ = {
			isa = XCBuildConfiguration;
			buildSettings = {
				GCC_GENERATE_DEBUGGING_SYMBOLS = NO;
				GCC_PRECOMPILE_PREFIX_HEADER = YES;
				GCC_PREFIX_HEADER = Sources/VocalEasel_Prefix.pch;
				GCC_WARN_ABOUT_RETURN_TYPE = YES;
				GCC_WARN_UNUSED_VARIABLE = YES;
				INFOPLIST_FILE = Resources/Info.plist;
				INSTALL_PATH = "$(HOME)/Applications";
				PRODUCT_NAME = VocalEasel;
				WRAPPER_EXTENSION = app;
			};
			name = Default;
		};
		95D7BF7D0AA699C600D5E02C /* Development */ = {
			isa = XCBuildConfiguration;
			buildSettings = {
				COPY_PHASE_STRIP = NO;
				GCC_DYNAMIC_NO_PIC = NO;
				GCC_ENABLE_FIX_AND_CONTINUE = YES;
				GCC_GENERATE_DEBUGGING_SYMBOLS = YES;
				GCC_MODEL_TUNING = G5;
				GCC_OPTIMIZATION_LEVEL = 0;
				INSTALL_PATH = "$(HOME)/bin";
				OTHER_CFLAGS = "";
				OTHER_LDFLAGS = "";
				OTHER_REZFLAGS = "";
				PREBINDING = NO;
				PRODUCT_NAME = TVLChord;
				SECTORDER_FLAGS = "";
				WARNING_CFLAGS = (
					"-Wmost",
					"-Wno-four-char-constants",
					"-Wno-unknown-pragmas",
				);
				ZERO_LINK = YES;
			};
			name = Development;
		};
		95D7BF7E0AA699C600D5E02C /* Deployment */ = {
			isa = XCBuildConfiguration;
			buildSettings = {
				COPY_PHASE_STRIP = YES;
				GCC_ENABLE_FIX_AND_CONTINUE = NO;
				GCC_GENERATE_DEBUGGING_SYMBOLS = NO;
				GCC_MODEL_TUNING = G5;
				INSTALL_PATH = "$(HOME)/bin";
				OTHER_CFLAGS = "";
				OTHER_LDFLAGS = "";
				OTHER_REZFLAGS = "";
				PREBINDING = NO;
				PRODUCT_NAME = TVLChord;
				SECTORDER_FLAGS = "";
				WARNING_CFLAGS = (
					"-Wmost",
					"-Wno-four-char-constants",
					"-Wno-unknown-pragmas",
				);
				ZERO_LINK = NO;
			};
			name = Deployment;
		};
		95D7BF7F0AA699C600D5E02C /* Default */ = {
			isa = XCBuildConfiguration;
			buildSettings = {
				GCC_GENERATE_DEBUGGING_SYMBOLS = NO;
				GCC_MODEL_TUNING = G5;
				INSTALL_PATH = "$(HOME)/bin";
				OTHER_CFLAGS = "";
				OTHER_LDFLAGS = "";
				OTHER_REZFLAGS = "";
				PREBINDING = NO;
				PRODUCT_NAME = TVLChord;
				SECTORDER_FLAGS = "";
				WARNING_CFLAGS = (
					"-Wmost",
					"-Wno-four-char-constants",
					"-Wno-unknown-pragmas",
				);
			};
			name = Default;
		};
		95D7BF810AA699C600D5E02C /* Development */ = {
			isa = XCBuildConfiguration;
			buildSettings = {
				COPY_PHASE_STRIP = NO;
				GCC_DYNAMIC_NO_PIC = NO;
				GCC_ENABLE_FIX_AND_CONTINUE = YES;
				GCC_GENERATE_DEBUGGING_SYMBOLS = YES;
				GCC_MODEL_TUNING = G5;
				GCC_OPTIMIZATION_LEVEL = 0;
				INSTALL_PATH = "$(HOME)/bin";
				OTHER_CFLAGS = "";
				OTHER_LDFLAGS = "";
				OTHER_REZFLAGS = "";
				PREBINDING = NO;
				PRODUCT_NAME = TVLSoundOut;
				SECTORDER_FLAGS = "";
				WARNING_CFLAGS = (
					"-Wmost",
					"-Wno-four-char-constants",
					"-Wno-unknown-pragmas",
				);
				ZERO_LINK = YES;
			};
			name = Development;
		};
		95D7BF820AA699C600D5E02C /* Deployment */ = {
			isa = XCBuildConfiguration;
			buildSettings = {
				COPY_PHASE_STRIP = YES;
				GCC_ENABLE_FIX_AND_CONTINUE = NO;
				GCC_GENERATE_DEBUGGING_SYMBOLS = NO;
				GCC_MODEL_TUNING = G5;
				INSTALL_PATH = "$(HOME)/bin";
				OTHER_CFLAGS = "";
				OTHER_LDFLAGS = "";
				OTHER_REZFLAGS = "";
				PREBINDING = NO;
				PRODUCT_NAME = TVLSoundOut;
				SECTORDER_FLAGS = "";
				WARNING_CFLAGS = (
					"-Wmost",
					"-Wno-four-char-constants",
					"-Wno-unknown-pragmas",
				);
				ZERO_LINK = NO;
			};
			name = Deployment;
		};
		95D7BF830AA699C600D5E02C /* Default */ = {
			isa = XCBuildConfiguration;
			buildSettings = {
				GCC_GENERATE_DEBUGGING_SYMBOLS = NO;
				GCC_MODEL_TUNING = G5;
				INSTALL_PATH = "$(HOME)/bin";
				OTHER_CFLAGS = "";
				OTHER_LDFLAGS = "";
				OTHER_REZFLAGS = "";
				PREBINDING = NO;
				PRODUCT_NAME = TVLSoundOut;
				SECTORDER_FLAGS = "";
				WARNING_CFLAGS = (
					"-Wmost",
					"-Wno-four-char-constants",
					"-Wno-unknown-pragmas",
				);
			};
			name = Default;
		};
		95D7BF850AA699C600D5E02C /* Development */ = {
			isa = XCBuildConfiguration;
			buildSettings = {
				COPY_PHASE_STRIP = NO;
				GCC_DYNAMIC_NO_PIC = NO;
				GCC_ENABLE_FIX_AND_CONTINUE = YES;
				GCC_GENERATE_DEBUGGING_SYMBOLS = YES;
				GCC_MODEL_TUNING = G5;
				GCC_OPTIMIZATION_LEVEL = 0;
				INSTALL_PATH = "$(HOME)/bin";
				OTHER_CFLAGS = "";
				OTHER_LDFLAGS = "";
				OTHER_REZFLAGS = "";
				PREBINDING = NO;
				PRODUCT_NAME = TVLEdit;
				SECTORDER_FLAGS = "";
				WARNING_CFLAGS = (
					"-Wmost",
					"-Wno-four-char-constants",
					"-Wno-unknown-pragmas",
				);
				ZERO_LINK = YES;
			};
			name = Development;
		};
		95D7BF860AA699C600D5E02C /* Deployment */ = {
			isa = XCBuildConfiguration;
			buildSettings = {
				COPY_PHASE_STRIP = YES;
				GCC_ENABLE_FIX_AND_CONTINUE = NO;
				GCC_GENERATE_DEBUGGING_SYMBOLS = NO;
				GCC_MODEL_TUNING = G5;
				INSTALL_PATH = "$(HOME)/bin";
				OTHER_CFLAGS = "";
				OTHER_LDFLAGS = "";
				OTHER_REZFLAGS = "";
				PREBINDING = NO;
				PRODUCT_NAME = TVLEdit;
				SECTORDER_FLAGS = "";
				WARNING_CFLAGS = (
					"-Wmost",
					"-Wno-four-char-constants",
					"-Wno-unknown-pragmas",
				);
				ZERO_LINK = NO;
			};
			name = Deployment;
		};
		95D7BF870AA699C600D5E02C /* Default */ = {
			isa = XCBuildConfiguration;
			buildSettings = {
				GCC_GENERATE_DEBUGGING_SYMBOLS = NO;
				GCC_MODEL_TUNING = G5;
				INSTALL_PATH = "$(HOME)/bin";
				OTHER_CFLAGS = "";
				OTHER_LDFLAGS = "";
				OTHER_REZFLAGS = "";
				PREBINDING = NO;
				PRODUCT_NAME = TVLEdit;
				SECTORDER_FLAGS = "";
				WARNING_CFLAGS = (
					"-Wmost",
					"-Wno-four-char-constants",
					"-Wno-unknown-pragmas",
				);
			};
			name = Default;
		};
		95E04DA30AEB485A006F30A0 /* Development */ = {
			isa = XCBuildConfiguration;
			buildSettings = {
				COPY_PHASE_STRIP = NO;
				DEBUG_INFORMATION_FORMAT = dwarf;
				GCC_DYNAMIC_NO_PIC = NO;
				GCC_ENABLE_FIX_AND_CONTINUE = YES;
				GCC_GENERATE_DEBUGGING_SYMBOLS = YES;
				GCC_MODEL_TUNING = G5;
				GCC_OPTIMIZATION_LEVEL = 0;
				GCC_PRECOMPILE_PREFIX_HEADER = YES;
				INSTALL_PATH = "$(HOME)/bin";
				OTHER_LDFLAGS = (
					"-framework",
					Foundation,
					"-framework",
					AppKit,
				);
				PREBINDING = NO;
				PRODUCT_NAME = TVLLilypond;
				ZERO_LINK = YES;
			};
			name = Development;
		};
		95E04DA40AEB485A006F30A0 /* Deployment */ = {
			isa = XCBuildConfiguration;
			buildSettings = {
				COPY_PHASE_STRIP = YES;
				DEBUG_INFORMATION_FORMAT = "dwarf-with-dsym";
				GCC_ENABLE_FIX_AND_CONTINUE = NO;
				GCC_GENERATE_DEBUGGING_SYMBOLS = NO;
				GCC_MODEL_TUNING = G5;
				GCC_PRECOMPILE_PREFIX_HEADER = YES;
				GCC_PREFIX_HEADER = Sources/Vocalese_Prefix.pch;
				INSTALL_PATH = "$(HOME)/bin";
				OTHER_LDFLAGS = (
					"-framework",
					Foundation,
					"-framework",
					AppKit,
				);
				PREBINDING = NO;
				PRODUCT_NAME = TVLLilypond;
				ZERO_LINK = NO;
			};
			name = Deployment;
		};
		95E04DA50AEB485A006F30A0 /* Default */ = {
			isa = XCBuildConfiguration;
			buildSettings = {
				GCC_ENABLE_FIX_AND_CONTINUE = YES;
				GCC_MODEL_TUNING = G5;
				GCC_PRECOMPILE_PREFIX_HEADER = YES;
				GCC_PREFIX_HEADER = Sources/Vocalese_Prefix.pch;
				INSTALL_PATH = "$(HOME)/bin";
				OTHER_LDFLAGS = (
					"-framework",
					Foundation,
					"-framework",
					AppKit,
				);
				PREBINDING = NO;
				PRODUCT_NAME = TVLLilypond;
				ZERO_LINK = YES;
			};
			name = Default;
		};
/* End XCBuildConfiguration section */

/* Begin XCConfigurationList section */
		95D7BF740AA699C600D5E02C /* Build configuration list for PBXProject "VocalEasel" */ = {
			isa = XCConfigurationList;
			buildConfigurations = (
				95D7BF750AA699C600D5E02C /* Development */,
				95D7BF760AA699C600D5E02C /* Deployment */,
				95D7BF770AA699C600D5E02C /* Default */,
			);
			defaultConfigurationIsVisible = 0;
			defaultConfigurationName = Default;
		};
		95D7BF780AA699C600D5E02C /* Build configuration list for PBXNativeTarget "VocalEasel" */ = {
			isa = XCConfigurationList;
			buildConfigurations = (
				95D7BF790AA699C600D5E02C /* Development */,
				95D7BF7A0AA699C600D5E02C /* Deployment */,
				95D7BF7B0AA699C600D5E02C /* Default */,
			);
			defaultConfigurationIsVisible = 0;
			defaultConfigurationName = Default;
		};
		95D7BF7C0AA699C600D5E02C /* Build configuration list for PBXNativeTarget "TVLChord" */ = {
			isa = XCConfigurationList;
			buildConfigurations = (
				95D7BF7D0AA699C600D5E02C /* Development */,
				95D7BF7E0AA699C600D5E02C /* Deployment */,
				95D7BF7F0AA699C600D5E02C /* Default */,
			);
			defaultConfigurationIsVisible = 0;
			defaultConfigurationName = Default;
		};
		95D7BF800AA699C600D5E02C /* Build configuration list for PBXNativeTarget "TVLSoundOut" */ = {
			isa = XCConfigurationList;
			buildConfigurations = (
				95D7BF810AA699C600D5E02C /* Development */,
				95D7BF820AA699C600D5E02C /* Deployment */,
				95D7BF830AA699C600D5E02C /* Default */,
			);
			defaultConfigurationIsVisible = 0;
			defaultConfigurationName = Default;
		};
		95D7BF840AA699C600D5E02C /* Build configuration list for PBXNativeTarget "TVLEdit" */ = {
			isa = XCConfigurationList;
			buildConfigurations = (
				95D7BF850AA699C600D5E02C /* Development */,
				95D7BF860AA699C600D5E02C /* Deployment */,
				95D7BF870AA699C600D5E02C /* Default */,
			);
			defaultConfigurationIsVisible = 0;
			defaultConfigurationName = Default;
		};
		95E04DA20AEB485A006F30A0 /* Build configuration list for PBXNativeTarget "TVLLilypond" */ = {
			isa = XCConfigurationList;
			buildConfigurations = (
				95E04DA30AEB485A006F30A0 /* Development */,
				95E04DA40AEB485A006F30A0 /* Deployment */,
				95E04DA50AEB485A006F30A0 /* Default */,
			);
			defaultConfigurationIsVisible = 0;
			defaultConfigurationName = Default;
		};
/* End XCConfigurationList section */
	};
	rootObject = 2A37F4A9FDCFA73011CA2CEA /* Project object */;
}
